# This file is @generated by PDM.
# It is not intended for manual editing.

[metadata]
groups = ["default", "lint"]
strategy = ["cross_platform", "inherit_metadata"]
lock_version = "4.4.1"
content_hash = "sha256:dcd8a08472f3e58fa0df36b5e613f733736ecba7197ec70208ec2339f5279f6f"

[[package]]
name = "black"
version = "24.1.1"
requires_python = ">=3.8"
summary = "The uncompromising code formatter."
groups = ["lint"]
dependencies = [
    "click>=8.0.0",
    "mypy-extensions>=0.4.3",
    "packaging>=22.0",
    "pathspec>=0.9.0",
    "platformdirs>=2",
]
files = [
    {file = "black-24.1.1-cp311-cp311-macosx_10_9_x86_64.whl", hash = "sha256:fc1ec9aa6f4d98d022101e015261c056ddebe3da6a8ccfc2c792cbe0349d48b7"},
    {file = "black-24.1.1-cp311-cp311-macosx_11_0_arm64.whl", hash = "sha256:0269dfdea12442022e88043d2910429bed717b2d04523867a85dacce535916b8"},
    {file = "black-24.1.1-cp311-cp311-manylinux_2_17_x86_64.manylinux2014_x86_64.whl", hash = "sha256:b3d64db762eae4a5ce04b6e3dd745dcca0fb9560eb931a5be97472e38652a161"},
    {file = "black-24.1.1-cp311-cp311-win_amd64.whl", hash = "sha256:5d7b06ea8816cbd4becfe5f70accae953c53c0e53aa98730ceccb0395520ee5d"},
    {file = "black-24.1.1-py3-none-any.whl", hash = "sha256:5cdc2e2195212208fbcae579b931407c1fa9997584f0a415421748aeafff1168"},
    {file = "black-24.1.1.tar.gz", hash = "sha256:48b5760dcbfe5cf97fd4fba23946681f3a81514c6ab8a45b50da67ac8fbc6c7b"},
]

[[package]]
name = "cfgv"
version = "3.4.0"
requires_python = ">=3.8"
summary = "Validate configuration and produce human readable error messages."
groups = ["lint"]
files = [
    {file = "cfgv-3.4.0-py2.py3-none-any.whl", hash = "sha256:b7265b1f29fd3316bfcd2b330d63d024f2bfd8bcb8b0272f8e19a504856c48f9"},
    {file = "cfgv-3.4.0.tar.gz", hash = "sha256:e52591d4c5f5dead8e0f673fb16db7949d2cfb3f7da4582893288f0ded8fe560"},
]

[[package]]
name = "click"
version = "8.1.7"
requires_python = ">=3.7"
summary = "Composable command line interface toolkit"
groups = ["lint"]
dependencies = [
    "colorama; platform_system == \"Windows\"",
]
files = [
    {file = "click-8.1.7-py3-none-any.whl", hash = "sha256:ae74fb96c20a0277a1d615f1e4d73c8414f5a98db8b799a7931d1582f3390c28"},
    {file = "click-8.1.7.tar.gz", hash = "sha256:ca9853ad459e787e2192211578cc907e7594e294c7ccc834310722b41b9ca6de"},
]

[[package]]
name = "colorama"
version = "0.4.6"
requires_python = "!=3.0.*,!=3.1.*,!=3.2.*,!=3.3.*,!=3.4.*,!=3.5.*,!=3.6.*,>=2.7"
summary = "Cross-platform colored terminal text."
groups = ["lint"]
marker = "platform_system == \"Windows\""
files = [
    {file = "colorama-0.4.6-py2.py3-none-any.whl", hash = "sha256:4f1d9991f5acc0ca119f9d443620b77f9d6b33703e51011c16baf57afb285fc6"},
    {file = "colorama-0.4.6.tar.gz", hash = "sha256:08695f5cb7ed6e0531a20572697297273c47b8cae5a63ffc6d6ed5c201be6e44"},
]

[[package]]
name = "distlib"
version = "0.3.8"
summary = "Distribution utilities"
groups = ["lint"]
files = [
    {file = "distlib-0.3.8-py2.py3-none-any.whl", hash = "sha256:034db59a0b96f8ca18035f36290806a9a6e6bd9d1ff91e45a7f172eb17e51784"},
    {file = "distlib-0.3.8.tar.gz", hash = "sha256:1530ea13e350031b6312d8580ddb6b27a104275a31106523b8f123787f494f64"},
]

[[package]]
name = "filelock"
version = "3.13.1"
requires_python = ">=3.8"
summary = "A platform independent file lock."
groups = ["lint"]
files = [
    {file = "filelock-3.13.1-py3-none-any.whl", hash = "sha256:57dbda9b35157b05fb3e58ee91448612eb674172fab98ee235ccb0b5bee19a1c"},
    {file = "filelock-3.13.1.tar.gz", hash = "sha256:521f5f56c50f8426f5e03ad3b281b490a87ef15bc6c526f168290f0c7148d44e"},
]

[[package]]
name = "identify"
version = "2.5.33"
requires_python = ">=3.8"
summary = "File identification library for Python"
groups = ["lint"]
files = [
    {file = "identify-2.5.33-py2.py3-none-any.whl", hash = "sha256:d40ce5fcd762817627670da8a7d8d8e65f24342d14539c59488dc603bf662e34"},
    {file = "identify-2.5.33.tar.gz", hash = "sha256:161558f9fe4559e1557e1bff323e8631f6a0e4837f7497767c1782832f16b62d"},
]

[[package]]
name = "mypy-extensions"
version = "1.0.0"
requires_python = ">=3.5"
summary = "Type system extensions for programs checked with the mypy type checker."
groups = ["lint"]
files = [
    {file = "mypy_extensions-1.0.0-py3-none-any.whl", hash = "sha256:4392f6c0eb8a5668a69e23d168ffa70f0be9ccfd32b5cc2d26a34ae5b844552d"},
    {file = "mypy_extensions-1.0.0.tar.gz", hash = "sha256:75dbf8955dc00442a438fc4d0666508a9a97b6bd41aa2f0ffe9d2f2725af0782"},
]

[[package]]
name = "nodeenv"
version = "1.8.0"
requires_python = ">=2.7,!=3.0.*,!=3.1.*,!=3.2.*,!=3.3.*,!=3.4.*,!=3.5.*,!=3.6.*"
summary = "Node.js virtual environment builder"
groups = ["lint"]
dependencies = [
    "setuptools",
]
files = [
    {file = "nodeenv-1.8.0-py2.py3-none-any.whl", hash = "sha256:df865724bb3c3adc86b3876fa209771517b0cfe596beff01a92700e0e8be4cec"},
    {file = "nodeenv-1.8.0.tar.gz", hash = "sha256:d51e0c37e64fbf47d017feac3145cdbb58836d7eee8c6f6d3b6880c5456227d2"},
]

[[package]]
name = "packaging"
version = "23.2"
requires_python = ">=3.7"
summary = "Core utilities for Python packages"
groups = ["lint"]
files = [
    {file = "packaging-23.2-py3-none-any.whl", hash = "sha256:8c491190033a9af7e1d931d0b5dacc2ef47509b34dd0de67ed209b5203fc88c7"},
    {file = "packaging-23.2.tar.gz", hash = "sha256:048fb0e9405036518eaaf48a55953c750c11e1a1b68e0dd1a9d62ed0c092cfc5"},
]

[[package]]
name = "pathspec"
version = "0.12.1"
requires_python = ">=3.8"
summary = "Utility library for gitignore style pattern matching of file paths."
groups = ["lint"]
files = [
    {file = "pathspec-0.12.1-py3-none-any.whl", hash = "sha256:a0d503e138a4c123b27490a4f7beda6a01c6f288df0e4a8b79c7eb0dc7b4cc08"},
    {file = "pathspec-0.12.1.tar.gz", hash = "sha256:a482d51503a1ab33b1c67a6c3813a26953dbdc71c31dacaef9a838c4e29f5712"},
]

[[package]]
name = "platformdirs"
version = "4.2.0"
requires_python = ">=3.8"
summary = "A small Python package for determining appropriate platform-specific dirs, e.g. a \"user data dir\"."
groups = ["lint"]
files = [
    {file = "platformdirs-4.2.0-py3-none-any.whl", hash = "sha256:0614df2a2f37e1a662acbd8e2b25b92ccf8632929bc6d43467e17fe89c75e068"},
    {file = "platformdirs-4.2.0.tar.gz", hash = "sha256:ef0cc731df711022c174543cb70a9b5bd22e5a9337c8624ef2c2ceb8ddad8768"},
]

[[package]]
name = "podman-compose"
version = "1.0.6"
summary = "A script to run docker-compose.yml using podman"
groups = ["default"]
dependencies = [
    "python-dotenv",
    "pyyaml",
]
files = [
    {file = "podman-compose-1.0.6.tar.gz", hash = "sha256:2db235049fca50a5a4ffd511a917808c960dacb8defd5481dd8b36a77d4da2e5"},
    {file = "podman_compose-1.0.6-py2.py3-none-any.whl", hash = "sha256:48c92e6cdac1732422c6cfa803d8a905a61be4119dc0d41f9ed42c66826e9a78"},
]

[[package]]
name = "pre-commit"
version = "3.6.0"
requires_python = ">=3.9"
summary = "A framework for managing and maintaining multi-language pre-commit hooks."
groups = ["lint"]
dependencies = [
    "cfgv>=2.0.0",
    "identify>=1.0.0",
    "nodeenv>=0.11.1",
    "pyyaml>=5.1",
    "virtualenv>=20.10.0",
]
files = [
    {file = "pre_commit-3.6.0-py2.py3-none-any.whl", hash = "sha256:c255039ef399049a5544b6ce13d135caba8f2c28c3b4033277a788f434308376"},
    {file = "pre_commit-3.6.0.tar.gz", hash = "sha256:d30bad9abf165f7785c15a21a1f46da7d0677cb00ee7ff4c579fd38922efe15d"},
]

[[package]]
name = "python-dotenv"
version = "1.0.1"
requires_python = ">=3.8"
summary = "Read key-value pairs from a .env file and set them as environment variables"
groups = ["default"]
files = [
    {file = "python-dotenv-1.0.1.tar.gz", hash = "sha256:e324ee90a023d808f1959c46bcbc04446a10ced277783dc6ee09987c37ec10ca"},
    {file = "python_dotenv-1.0.1-py3-none-any.whl", hash = "sha256:f7b63ef50f1b690dddf550d03497b66d609393b40b564ed0d674909a68ebf16a"},
]

[[package]]
name = "pyyaml"
version = "6.0.1"
requires_python = ">=3.6"
summary = "YAML parser and emitter for Python"
groups = ["default", "lint"]
files = [
    {file = "PyYAML-6.0.1-cp311-cp311-macosx_10_9_x86_64.whl", hash = "sha256:6965a7bc3cf88e5a1c3bd2e0b5c22f8d677dc88a455344035f03399034eb3007"},
    {file = "PyYAML-6.0.1-cp311-cp311-macosx_11_0_arm64.whl", hash = "sha256:f003ed9ad21d6a4713f0a9b5a7a0a79e08dd0f221aff4525a2be4c346ee60aab"},
    {file = "PyYAML-6.0.1-cp311-cp311-manylinux_2_17_aarch64.manylinux2014_aarch64.whl", hash = "sha256:42f8152b8dbc4fe7d96729ec2b99c7097d656dc1213a3229ca5383f973a5ed6d"},
    {file = "PyYAML-6.0.1-cp311-cp311-manylinux_2_17_s390x.manylinux2014_s390x.whl", hash = "sha256:062582fca9fabdd2c8b54a3ef1c978d786e0f6b3a1510e0ac93ef59e0ddae2bc"},
    {file = "PyYAML-6.0.1-cp311-cp311-manylinux_2_17_x86_64.manylinux2014_x86_64.whl", hash = "sha256:d2b04aac4d386b172d5b9692e2d2da8de7bfb6c387fa4f801fbf6fb2e6ba4673"},
    {file = "PyYAML-6.0.1-cp311-cp311-musllinux_1_1_x86_64.whl", hash = "sha256:e7d73685e87afe9f3b36c799222440d6cf362062f78be1013661b00c5c6f678b"},
    {file = "PyYAML-6.0.1-cp311-cp311-win32.whl", hash = "sha256:1635fd110e8d85d55237ab316b5b011de701ea0f29d07611174a1b42f1444741"},
    {file = "PyYAML-6.0.1-cp311-cp311-win_amd64.whl", hash = "sha256:bf07ee2fef7014951eeb99f56f39c9bb4af143d8aa3c21b1677805985307da34"},
    {file = "PyYAML-6.0.1.tar.gz", hash = "sha256:bfdf460b1736c775f2ba9f6a92bca30bc2095067b8a9d77876d1fad6cc3b4a43"},
]

[[package]]
name = "ruff"
version = "0.2.1"
requires_python = ">=3.7"
summary = "An extremely fast Python linter and code formatter, written in Rust."
groups = ["lint"]
files = [
    {file = "ruff-0.2.1-py3-none-macosx_10_12_x86_64.macosx_11_0_arm64.macosx_10_12_universal2.whl", hash = "sha256:dd81b911d28925e7e8b323e8d06951554655021df8dd4ac3045d7212ac4ba080"},
    {file = "ruff-0.2.1-py3-none-macosx_10_12_x86_64.whl", hash = "sha256:dc586724a95b7d980aa17f671e173df00f0a2eef23f8babbeee663229a938fec"},
    {file = "ruff-0.2.1-py3-none-manylinux_2_17_aarch64.manylinux2014_aarch64.whl", hash = "sha256:c92db7101ef5bfc18e96777ed7bc7c822d545fa5977e90a585accac43d22f18a"},
    {file = "ruff-0.2.1-py3-none-manylinux_2_17_armv7l.manylinux2014_armv7l.whl", hash = "sha256:13471684694d41ae0f1e8e3a7497e14cd57ccb7dd72ae08d56a159d6c9c3e30e"},
    {file = "ruff-0.2.1-py3-none-manylinux_2_17_i686.manylinux2014_i686.whl", hash = "sha256:a11567e20ea39d1f51aebd778685582d4c56ccb082c1161ffc10f79bebe6df35"},
    {file = "ruff-0.2.1-py3-none-manylinux_2_17_ppc64.manylinux2014_ppc64.whl", hash = "sha256:00a818e2db63659570403e44383ab03c529c2b9678ba4ba6c105af7854008105"},
    {file = "ruff-0.2.1-py3-none-manylinux_2_17_ppc64le.manylinux2014_ppc64le.whl", hash = "sha256:be60592f9d218b52f03384d1325efa9d3b41e4c4d55ea022cd548547cc42cd2b"},
    {file = "ruff-0.2.1-py3-none-manylinux_2_17_s390x.manylinux2014_s390x.whl", hash = "sha256:fbd2288890b88e8aab4499e55148805b58ec711053588cc2f0196a44f6e3d855"},
    {file = "ruff-0.2.1-py3-none-manylinux_2_17_x86_64.manylinux2014_x86_64.whl", hash = "sha256:f3ef052283da7dec1987bba8d8733051c2325654641dfe5877a4022108098683"},
    {file = "ruff-0.2.1-py3-none-musllinux_1_2_aarch64.whl", hash = "sha256:7022d66366d6fded4ba3889f73cd791c2d5621b2ccf34befc752cb0df70f5fad"},
    {file = "ruff-0.2.1-py3-none-musllinux_1_2_armv7l.whl", hash = "sha256:0a725823cb2a3f08ee743a534cb6935727d9e47409e4ad72c10a3faf042ad5ba"},
    {file = "ruff-0.2.1-py3-none-musllinux_1_2_i686.whl", hash = "sha256:0034d5b6323e6e8fe91b2a1e55b02d92d0b582d2953a2b37a67a2d7dedbb7acc"},
    {file = "ruff-0.2.1-py3-none-musllinux_1_2_x86_64.whl", hash = "sha256:e5cb5526d69bb9143c2e4d2a115d08ffca3d8e0fddc84925a7b54931c96f5c02"},
    {file = "ruff-0.2.1-py3-none-win32.whl", hash = "sha256:6b95ac9ce49b4fb390634d46d6ece32ace3acdd52814671ccaf20b7f60adb232"},
    {file = "ruff-0.2.1-py3-none-win_amd64.whl", hash = "sha256:e3affdcbc2afb6f5bd0eb3130139ceedc5e3f28d206fe49f63073cb9e65988e0"},
    {file = "ruff-0.2.1-py3-none-win_arm64.whl", hash = "sha256:efababa8e12330aa94a53e90a81eb6e2d55f348bc2e71adbf17d9cad23c03ee6"},
    {file = "ruff-0.2.1.tar.gz", hash = "sha256:3b42b5d8677cd0c72b99fcaf068ffc62abb5a19e71b4a3b9cfa50658a0af02f1"},
]

[[package]]
name = "setuptools"
version = "69.0.3"
requires_python = ">=3.8"
summary = "Easily download, build, install, upgrade, and uninstall Python packages"
groups = ["lint"]
files = [
    {file = "setuptools-69.0.3-py3-none-any.whl", hash = "sha256:385eb4edd9c9d5c17540511303e39a147ce2fc04bc55289c322b9e5904fe2c05"},
    {file = "setuptools-69.0.3.tar.gz", hash = "sha256:be1af57fc409f93647f2e8e4573a142ed38724b8cdd389706a867bb4efcf1e78"},
]

[[package]]
name = "virtualenv"
version = "20.25.0"
requires_python = ">=3.7"
summary = "Virtual Python Environment builder"
groups = ["lint"]
dependencies = [
    "distlib<1,>=0.3.7",
    "filelock<4,>=3.12.2",
    "platformdirs<5,>=3.9.1",
]
files = [
    {file = "virtualenv-20.25.0-py3-none-any.whl", hash = "sha256:4238949c5ffe6876362d9c0180fc6c3a824a7b12b80604eeb8085f2ed7460de3"},
    {file = "virtualenv-20.25.0.tar.gz", hash = "sha256:bf51c0d9c7dd63ea8e44086fa1e4fb1093a31e963b86959257378aef020e1f1b"},
]
